{
  "name": "DUMP1000Hz-TO-CSV",
  "version": "1.0.0",
  "lockfileVersion": 1,
  "requires": true,
  "dependencies": {
    "@types/node": {
      "version": "16.18.32",
      "resolved": "https://registry.npmjs.org/@types/node/-/node-16.18.32.tgz",
      "integrity": "sha512-zpnXe4dEz6PrWz9u7dqyRoq9VxwCvoXRPy/ewhmMa1CgEyVmtL1NJPQ2MX+4pf97vetquVKkpiMx0MwI8pjNOw==",
      "dev": true
    }
  }
}
